
Microsoft Visual Studio Solution File, Format Version 12.00
# Visual Studio Version 17
VisualStudioVersion = 17.14.36603.0
MinimumVisualStudioVersion = 10.0.40219.1
Project("{8BC9CEB8-8B4A-11D0-8D11-00A0C91BC942}") = "01_Start C++", "..\01_Start C++\01_Start C++.vcxproj", "{45A0D8FF-1DC5-4597-A0FE-9822CFF24822}"
EndProject
Project("{8BC9CEB8-8B4A-11D0-8D11-00A0C91BC942}") = "02_포인터와 참조자", "02_포인터와 참조자\02_포인터와 참조자.vcxproj", "{19487DA6-449B-44B6-8313-1FD7D8E902DC}"
EndProject
Project("{8BC9CEB8-8B4A-11D0-8D11-00A0C91BC942}") = "03_객체지향 프로그램 클래스 생성", "03_객체지향 프로그램 클래스 생성\03_객체지향 프로그램 클래스 생성.vcxproj", "{5108C026-10CE-4A61-AF1F-51540D6760A6}"
EndProject
Project("{8BC9CEB8-8B4A-11D0-8D11-00A0C91BC942}") = "04_객체 생성자와 소멸자", "04_객체 생성자\04_객체 생성자.vcxproj", "{5409EC7E-1AA6-4803-98A8-B97E67EF2066}"
EndProject
Project("{8BC9CEB8-8B4A-11D0-8D11-00A0C91BC942}") = "05_객체의 생성", "05_객체의 생성\05_객체의 생성.vcxproj", "{9ECC6E07-B526-4885-BCF5-E68752C0B7AB}"
EndProject
Project("{8BC9CEB8-8B4A-11D0-8D11-00A0C91BC942}") = "06_연산자 오버로딩", "06_연산자 오버로딩\06_연산자 오버로딩.vcxproj", "{D26CCBA3-ECBD-49EC-A9DE-BABA034730C7}"
EndProject
Global
	GlobalSection(SolutionConfigurationPlatforms) = preSolution
		Debug|x64 = Debug|x64
		Debug|x86 = Debug|x86
		Release|x64 = Release|x64
		Release|x86 = Release|x86
	EndGlobalSection
	GlobalSection(ProjectConfigurationPlatforms) = postSolution
		{45A0D8FF-1DC5-4597-A0FE-9822CFF24822}.Debug|x64.ActiveCfg = Debug|x64
		{45A0D8FF-1DC5-4597-A0FE-9822CFF24822}.Debug|x64.Build.0 = Debug|x64
		{45A0D8FF-1DC5-4597-A0FE-9822CFF24822}.Debug|x86.ActiveCfg = Debug|Win32
		{45A0D8FF-1DC5-4597-A0FE-9822CFF24822}.Debug|x86.Build.0 = Debug|Win32
		{45A0D8FF-1DC5-4597-A0FE-9822CFF24822}.Release|x64.ActiveCfg = Release|x64
		{45A0D8FF-1DC5-4597-A0FE-9822CFF24822}.Release|x64.Build.0 = Release|x64
		{45A0D8FF-1DC5-4597-A0FE-9822CFF24822}.Release|x86.ActiveCfg = Release|Win32
		{45A0D8FF-1DC5-4597-A0FE-9822CFF24822}.Release|x86.Build.0 = Release|Win32
		{19487DA6-449B-44B6-8313-1FD7D8E902DC}.Debug|x64.ActiveCfg = Debug|x64
		{19487DA6-449B-44B6-8313-1FD7D8E902DC}.Debug|x64.Build.0 = Debug|x64
		{19487DA6-449B-44B6-8313-1FD7D8E902DC}.Debug|x86.ActiveCfg = Debug|Win32
		{19487DA6-449B-44B6-8313-1FD7D8E902DC}.Debug|x86.Build.0 = Debug|Win32
		{19487DA6-449B-44B6-8313-1FD7D8E902DC}.Release|x64.ActiveCfg = Release|x64
		{19487DA6-449B-44B6-8313-1FD7D8E902DC}.Release|x64.Build.0 = Release|x64
		{19487DA6-449B-44B6-8313-1FD7D8E902DC}.Release|x86.ActiveCfg = Release|Win32
		{19487DA6-449B-44B6-8313-1FD7D8E902DC}.Release|x86.Build.0 = Release|Win32
		{5108C026-10CE-4A61-AF1F-51540D6760A6}.Debug|x64.ActiveCfg = Debug|x64
		{5108C026-10CE-4A61-AF1F-51540D6760A6}.Debug|x64.Build.0 = Debug|x64
		{5108C026-10CE-4A61-AF1F-51540D6760A6}.Debug|x86.ActiveCfg = Debug|Win32
		{5108C026-10CE-4A61-AF1F-51540D6760A6}.Debug|x86.Build.0 = Debug|Win32
		{5108C026-10CE-4A61-AF1F-51540D6760A6}.Release|x64.ActiveCfg = Release|x64
		{5108C026-10CE-4A61-AF1F-51540D6760A6}.Release|x64.Build.0 = Release|x64
		{5108C026-10CE-4A61-AF1F-51540D6760A6}.Release|x86.ActiveCfg = Release|Win32
		{5108C026-10CE-4A61-AF1F-51540D6760A6}.Release|x86.Build.0 = Release|Win32
		{5409EC7E-1AA6-4803-98A8-B97E67EF2066}.Debug|x64.ActiveCfg = Debug|x64
		{5409EC7E-1AA6-4803-98A8-B97E67EF2066}.Debug|x64.Build.0 = Debug|x64
		{5409EC7E-1AA6-4803-98A8-B97E67EF2066}.Debug|x86.ActiveCfg = Debug|Win32
		{5409EC7E-1AA6-4803-98A8-B97E67EF2066}.Debug|x86.Build.0 = Debug|Win32
		{5409EC7E-1AA6-4803-98A8-B97E67EF2066}.Release|x64.ActiveCfg = Release|x64
		{5409EC7E-1AA6-4803-98A8-B97E67EF2066}.Release|x64.Build.0 = Release|x64
		{5409EC7E-1AA6-4803-98A8-B97E67EF2066}.Release|x86.ActiveCfg = Release|Win32
		{5409EC7E-1AA6-4803-98A8-B97E67EF2066}.Release|x86.Build.0 = Release|Win32
		{9ECC6E07-B526-4885-BCF5-E68752C0B7AB}.Debug|x64.ActiveCfg = Debug|x64
		{9ECC6E07-B526-4885-BCF5-E68752C0B7AB}.Debug|x64.Build.0 = Debug|x64
		{9ECC6E07-B526-4885-BCF5-E68752C0B7AB}.Debug|x86.ActiveCfg = Debug|Win32
		{9ECC6E07-B526-4885-BCF5-E68752C0B7AB}.Debug|x86.Build.0 = Debug|Win32
		{9ECC6E07-B526-4885-BCF5-E68752C0B7AB}.Release|x64.ActiveCfg = Release|x64
		{9ECC6E07-B526-4885-BCF5-E68752C0B7AB}.Release|x64.Build.0 = Release|x64
		{9ECC6E07-B526-4885-BCF5-E68752C0B7AB}.Release|x86.ActiveCfg = Release|Win32
		{9ECC6E07-B526-4885-BCF5-E68752C0B7AB}.Release|x86.Build.0 = Release|Win32
		{D26CCBA3-ECBD-49EC-A9DE-BABA034730C7}.Debug|x64.ActiveCfg = Debug|x64
		{D26CCBA3-ECBD-49EC-A9DE-BABA034730C7}.Debug|x64.Build.0 = Debug|x64
		{D26CCBA3-ECBD-49EC-A9DE-BABA034730C7}.Debug|x86.ActiveCfg = Debug|Win32
		{D26CCBA3-ECBD-49EC-A9DE-BABA034730C7}.Debug|x86.Build.0 = Debug|Win32
		{D26CCBA3-ECBD-49EC-A9DE-BABA034730C7}.Release|x64.ActiveCfg = Release|x64
		{D26CCBA3-ECBD-49EC-A9DE-BABA034730C7}.Release|x64.Build.0 = Release|x64
		{D26CCBA3-ECBD-49EC-A9DE-BABA034730C7}.Release|x86.ActiveCfg = Release|Win32
		{D26CCBA3-ECBD-49EC-A9DE-BABA034730C7}.Release|x86.Build.0 = Release|Win32
	EndGlobalSection
	GlobalSection(SolutionProperties) = preSolution
		HideSolutionNode = FALSE
	EndGlobalSection
	GlobalSection(ExtensibilityGlobals) = postSolution
		SolutionGuid = {04AFC5D6-78D9-4730-ABBD-74CAAC998E0B}
	EndGlobalSection
EndGlobal
